
Microsoft Visual Studio Solution File, Format Version 12.00
# Visual Studio Version 17
VisualStudioVersion = 17.0.31903.59
MinimumVisualStudioVersion = 10.0.40219.1
Project("{FAE04EC0-301F-11D3-BF4B-00C04F79EFBC}") = "IndustrialCommSdk", "IndustrialCommSdk\IndustrialCommSdk.csproj", "{4FAF4501-74E0-45BE-B479-79A5ED36C292}"
EndProject
Project("{FAE04EC0-301F-11D3-BF4B-00C04F79EFBC}") = "IndustrialCommDemo", "IndustrialCommDemo\IndustrialCommDemo.csproj", "{1F122C1E-BA99-43F1-850D-7E0127129085}"
EndProject
Project("{FAE04EC0-301F-11D3-BF4B-00C04F79EFBC}") = "IndustrialCommMinimal.WinForms", "IndustrialCommMinimal.WinForms\IndustrialCommMinimal.WinForms.csproj", "{A70B5814-25E4-4D9B-BB77-B34A142BDB99}"
EndProject
Project("{2150E333-8FDC-42A3-9474-1A3956D46DE8}") = "Solution Items", "Solution Items", "{6FCFA53C-7A3B-4D35-80B7-FF8A19423179}"
	ProjectSection(SolutionItems) = preProject
		PROJECT_CONTEXT.md = PROJECT_CONTEXT.md
		README.md = README.md
	EndProjectSection
EndProject
Global
	GlobalSection(SolutionConfigurationPlatforms) = preSolution
		Debug|Any CPU = Debug|Any CPU
		Debug|x64 = Debug|x64
		Debug|x86 = Debug|x86
		Release|Any CPU = Release|Any CPU
		Release|x64 = Release|x64
		Release|x86 = Release|x86
	EndGlobalSection
	GlobalSection(ProjectConfigurationPlatforms) = postSolution
		{4FAF4501-74E0-45BE-B479-79A5ED36C292}.Debug|Any CPU.ActiveCfg = Debug|Any CPU
		{4FAF4501-74E0-45BE-B479-79A5ED36C292}.Debug|Any CPU.Build.0 = Debug|Any CPU
		{4FAF4501-74E0-45BE-B479-79A5ED36C292}.Debug|x64.ActiveCfg = Debug|Any CPU
		{4FAF4501-74E0-45BE-B479-79A5ED36C292}.Debug|x64.Build.0 = Debug|Any CPU
		{4FAF4501-74E0-45BE-B479-79A5ED36C292}.Debug|x86.ActiveCfg = Debug|Any CPU
		{4FAF4501-74E0-45BE-B479-79A5ED36C292}.Debug|x86.Build.0 = Debug|Any CPU
		{4FAF4501-74E0-45BE-B479-79A5ED36C292}.Release|Any CPU.ActiveCfg = Release|Any CPU
		{4FAF4501-74E0-45BE-B479-79A5ED36C292}.Release|Any CPU.Build.0 = Release|Any CPU
		{4FAF4501-74E0-45BE-B479-79A5ED36C292}.Release|x64.ActiveCfg = Release|Any CPU
		{4FAF4501-74E0-45BE-B479-79A5ED36C292}.Release|x64.Build.0 = Release|Any CPU
		{4FAF4501-74E0-45BE-B479-79A5ED36C292}.Release|x86.ActiveCfg = Release|Any CPU
		{4FAF4501-74E0-45BE-B479-79A5ED36C292}.Release|x86.Build.0 = Release|Any CPU
		{1F122C1E-BA99-43F1-850D-7E0127129085}.Debug|Any CPU.ActiveCfg = Debug|Any CPU
		{1F122C1E-BA99-43F1-850D-7E0127129085}.Debug|Any CPU.Build.0 = Debug|Any CPU
		{1F122C1E-BA99-43F1-850D-7E0127129085}.Debug|x64.ActiveCfg = Debug|Any CPU
		{1F122C1E-BA99-43F1-850D-7E0127129085}.Debug|x64.Build.0 = Debug|Any CPU
		{1F122C1E-BA99-43F1-850D-7E0127129085}.Debug|x86.ActiveCfg = Debug|Any CPU
		{1F122C1E-BA99-43F1-850D-7E0127129085}.Debug|x86.Build.0 = Debug|Any CPU
		{1F122C1E-BA99-43F1-850D-7E0127129085}.Release|Any CPU.ActiveCfg = Release|Any CPU
		{1F122C1E-BA99-43F1-850D-7E0127129085}.Release|Any CPU.Build.0 = Release|Any CPU
		{1F122C1E-BA99-43F1-850D-7E0127129085}.Release|x64.ActiveCfg = Release|Any CPU
		{1F122C1E-BA99-43F1-850D-7E0127129085}.Release|x64.Build.0 = Release|Any CPU
		{1F122C1E-BA99-43F1-850D-7E0127129085}.Release|x86.ActiveCfg = Release|Any CPU
		{1F122C1E-BA99-43F1-850D-7E0127129085}.Release|x86.Build.0 = Release|Any CPU
		{A70B5814-25E4-4D9B-BB77-B34A142BDB99}.Debug|Any CPU.ActiveCfg = Debug|Any CPU
		{A70B5814-25E4-4D9B-BB77-B34A142BDB99}.Debug|Any CPU.Build.0 = Debug|Any CPU
		{A70B5814-25E4-4D9B-BB77-B34A142BDB99}.Debug|x64.ActiveCfg = Debug|Any CPU
		{A70B5814-25E4-4D9B-BB77-B34A142BDB99}.Debug|x64.Build.0 = Debug|Any CPU
		{A70B5814-25E4-4D9B-BB77-B34A142BDB99}.Debug|x86.ActiveCfg = Debug|Any CPU
		{A70B5814-25E4-4D9B-BB77-B34A142BDB99}.Debug|x86.Build.0 = Debug|Any CPU
		{A70B5814-25E4-4D9B-BB77-B34A142BDB99}.Release|Any CPU.ActiveCfg = Release|Any CPU
		{A70B5814-25E4-4D9B-BB77-B34A142BDB99}.Release|Any CPU.Build.0 = Release|Any CPU
		{A70B5814-25E4-4D9B-BB77-B34A142BDB99}.Release|x64.ActiveCfg = Release|Any CPU
		{A70B5814-25E4-4D9B-BB77-B34A142BDB99}.Release|x64.Build.0 = Release|Any CPU
		{A70B5814-25E4-4D9B-BB77-B34A142BDB99}.Release|x86.ActiveCfg = Release|Any CPU
		{A70B5814-25E4-4D9B-BB77-B34A142BDB99}.Release|x86.Build.0 = Release|Any CPU
	EndGlobalSection
	GlobalSection(SolutionProperties) = preSolution
		HideSolutionNode = FALSE
	EndGlobalSection
	GlobalSection(ExtensibilityGlobals) = postSolution
		SolutionGuid = {70AC9ABF-FD0C-4404-9978-24B1239DE14B}
	EndGlobalSection
EndGlobal
