
Microsoft Visual Studio Solution File, Format Version 12.00
# Visual Studio Version 17
VisualStudioVersion = 17.0.31903.59
MinimumVisualStudioVersion = 10.0.40219.1
Project("{FAE04EC0-301F-11D3-BF4B-00C04F79EFBC}") = "IndustrialCommSdk", "IndustrialCommSdk\IndustrialCommSdk.csproj", "{4FAF4501-74E0-45BE-B479-79A5ED36C292}"
EndProject
Project("{FAE04EC0-301F-11D3-BF4B-00C04F79EFBC}") = "IndustrialCommDemo", "IndustrialCommDemo\IndustrialCommDemo.csproj", "{1F122C1E-BA99-43F1-850D-7E0127129085}"
EndProject
Project("{FAE04EC0-301F-11D3-BF4B-00C04F79EFBC}") = "IndustrialCommMinimal.WinForms", "IndustrialCommMinimal.WinForms\IndustrialCommMinimal.WinForms.csproj", "{A70B5814-25E4-4D9B-BB77-B34A142BDB99}"
EndProject
Project("{FAE04EC0-301F-11D3-BF4B-00C04F79EFBC}") = "IndustrialCommSdk.Tests", "IndustrialCommSdk.Tests\IndustrialCommSdk.Tests.csproj", "{D3F9F152-F91E-4C01-A2B5-F4D5C7EA3F91}"
EndProject
Project("{2150E333-8FDC-42A3-9474-1A3956D46DE8}") = "Solution Items", "Solution Items", "{6FCFA53C-7A3B-4D35-80B7-FF8A19423179}"
	ProjectSection(SolutionItems) = preProject
		BEGINNER_GUIDE.md = BEGINNER_GUIDE.md
		CORE_EXTENSIBILITY.md = CORE_EXTENSIBILITY.md
		PROJECT_CONTEXT.md = PROJECT_CONTEXT.md
		README.md = README.md
	EndProjectSection
EndProject
Project("{2150E333-8FDC-42A3-9474-1A3956D46DE8}") = "docs", "docs", "{5B8B6892-2BA5-4C6D-8A65-7B83872B9D1E}"
	ProjectSection(SolutionItems) = preProject
		docs\p0-p1-reliability-update.md = docs\p0-p1-reliability-update.md
		docs\protocol-review.md = docs\protocol-review.md
	EndProjectSection
EndProject
Project("{2150E333-8FDC-42A3-9474-1A3956D46DE8}") = "protocols", "protocols", "{E97AB419-E80C-4540-8806-AC523E4E1C4B}"
	ProjectSection(SolutionItems) = preProject
		docs\protocols\mitsubishi-mc.md = docs\protocols\mitsubishi-mc.md
		docs\protocols\modbus-rtu.md = docs\protocols\modbus-rtu.md
		docs\protocols\modbus-tcp.md = docs\protocols\modbus-tcp.md
		docs\protocols\mqtt.md = docs\protocols\mqtt.md
		docs\protocols\opc-ua.md = docs\protocols\opc-ua.md
		docs\protocols\README.md = docs\protocols\README.md
		docs\protocols\redis.md = docs\protocols\redis.md
		docs\protocols\siemens-s7.md = docs\protocols\siemens-s7.md
	EndProjectSection
EndProject
Project("{2150E333-8FDC-42A3-9474-1A3956D46DE8}") = "storage", "storage", "{C4E8E684-1C52-4F3B-A4C9-2B1965E6D810}"
	ProjectSection(SolutionItems) = preProject
		docs\storage\mysql.md = docs\storage\mysql.md
		docs\storage\README.md = docs\storage\README.md
		docs\storage\sql-server.md = docs\storage\sql-server.md
	EndProjectSection
EndProject
Project("{FAE04EC0-301F-11D3-BF4B-00C04F79EFBC}") = "IndustrialCommSdk.Abstractions", "IndustrialCommSdk.Abstractions\IndustrialCommSdk.Abstractions.csproj", "{9472CF83-CD65-4CD3-818E-B73CB5F5FD18}"
EndProject
Project("{FAE04EC0-301F-11D3-BF4B-00C04F79EFBC}") = "IndustrialCommSdk.Runtime", "IndustrialCommSdk.Runtime\IndustrialCommSdk.Runtime.csproj", "{30F10465-5896-4D89-916C-A7E3CD27929E}"
EndProject
Project("{FAE04EC0-301F-11D3-BF4B-00C04F79EFBC}") = "IndustrialCommSdk.Transport", "IndustrialCommSdk.Transport\IndustrialCommSdk.Transport.csproj", "{18549D38-419F-472F-B6A7-23AC0EC8F61E}"
EndProject
Project("{FAE04EC0-301F-11D3-BF4B-00C04F79EFBC}") = "IndustrialCommSdk.Protocols.Common", "IndustrialCommSdk.Protocols.Common\IndustrialCommSdk.Protocols.Common.csproj", "{5D9FB42A-D01B-439D-B98A-5EB6E6D66122}"
EndProject
Project("{FAE04EC0-301F-11D3-BF4B-00C04F79EFBC}") = "IndustrialCommSdk.Protocols.Modbus", "IndustrialCommSdk.Protocols.Modbus\IndustrialCommSdk.Protocols.Modbus.csproj", "{AF7CE17D-2881-4E72-A653-B9564E6CAFA4}"
EndProject
Project("{FAE04EC0-301F-11D3-BF4B-00C04F79EFBC}") = "IndustrialCommSdk.Protocols.S7", "IndustrialCommSdk.Protocols.S7\IndustrialCommSdk.Protocols.S7.csproj", "{35984A61-E3CD-4C02-AC77-5EE9F64F86B9}"
EndProject
Project("{FAE04EC0-301F-11D3-BF4B-00C04F79EFBC}") = "IndustrialCommSdk.Protocols.Mc", "IndustrialCommSdk.Protocols.Mc\IndustrialCommSdk.Protocols.Mc.csproj", "{12814275-AEF0-4382-A10F-AADA30C4FBDF}"
EndProject
Project("{FAE04EC0-301F-11D3-BF4B-00C04F79EFBC}") = "IndustrialCommSdk.Protocols.OpcUa", "IndustrialCommSdk.Protocols.OpcUa\IndustrialCommSdk.Protocols.OpcUa.csproj", "{F594DD89-6EA3-45F3-B3AD-5E7A6772974D}"
EndProject
Project("{FAE04EC0-301F-11D3-BF4B-00C04F79EFBC}") = "IndustrialCommSdk.Protocols.Mqtt", "IndustrialCommSdk.Protocols.Mqtt\IndustrialCommSdk.Protocols.Mqtt.csproj", "{6019DAC7-362F-4200-94E8-EE0E1A10F36B}"
EndProject
Project("{FAE04EC0-301F-11D3-BF4B-00C04F79EFBC}") = "IndustrialCommSdk.Protocols.Redis", "IndustrialCommSdk.Protocols.Redis\IndustrialCommSdk.Protocols.Redis.csproj", "{3D802395-28B8-4D06-9634-BFE0E35A768B}"
EndProject
Project("{FAE04EC0-301F-11D3-BF4B-00C04F79EFBC}") = "IndustrialCommSdk.Mes.Http", "IndustrialCommSdk.Mes.Http\IndustrialCommSdk.Mes.Http.csproj", "{2F51C3AC-0C8F-4F37-955E-0ED25DB04105}"
EndProject
Project("{FAE04EC0-301F-11D3-BF4B-00C04F79EFBC}") = "IndustrialCommSdk.Storage", "IndustrialCommSdk.Storage\IndustrialCommSdk.Storage.csproj", "{A2EB7EF7-2676-49CA-A43B-EBF62483DE06}"
EndProject
Project("{FAE04EC0-301F-11D3-BF4B-00C04F79EFBC}") = "IndustrialCommSdk.Storage.MySql", "IndustrialCommSdk.Storage.MySql\IndustrialCommSdk.Storage.MySql.csproj", "{8D41ED64-F046-4259-8942-62C2B4F4E210}"
EndProject
Global
	GlobalSection(SolutionConfigurationPlatforms) = preSolution
		Debug|Any CPU = Debug|Any CPU
		Debug|x64 = Debug|x64
		Debug|x86 = Debug|x86
		Release|Any CPU = Release|Any CPU
		Release|x64 = Release|x64
		Release|x86 = Release|x86
	EndGlobalSection
	GlobalSection(ProjectConfigurationPlatforms) = postSolution
		{4FAF4501-74E0-45BE-B479-79A5ED36C292}.Debug|Any CPU.ActiveCfg = Debug|Any CPU
		{4FAF4501-74E0-45BE-B479-79A5ED36C292}.Debug|Any CPU.Build.0 = Debug|Any CPU
		{4FAF4501-74E0-45BE-B479-79A5ED36C292}.Debug|x64.ActiveCfg = Debug|Any CPU
		{4FAF4501-74E0-45BE-B479-79A5ED36C292}.Debug|x64.Build.0 = Debug|Any CPU
		{4FAF4501-74E0-45BE-B479-79A5ED36C292}.Debug|x86.ActiveCfg = Debug|Any CPU
		{4FAF4501-74E0-45BE-B479-79A5ED36C292}.Debug|x86.Build.0 = Debug|Any CPU
		{4FAF4501-74E0-45BE-B479-79A5ED36C292}.Release|Any CPU.ActiveCfg = Release|Any CPU
		{4FAF4501-74E0-45BE-B479-79A5ED36C292}.Release|Any CPU.Build.0 = Release|Any CPU
		{4FAF4501-74E0-45BE-B479-79A5ED36C292}.Release|x64.ActiveCfg = Release|Any CPU
		{4FAF4501-74E0-45BE-B479-79A5ED36C292}.Release|x64.Build.0 = Release|Any CPU
		{4FAF4501-74E0-45BE-B479-79A5ED36C292}.Release|x86.ActiveCfg = Release|Any CPU
		{4FAF4501-74E0-45BE-B479-79A5ED36C292}.Release|x86.Build.0 = Release|Any CPU
		{1F122C1E-BA99-43F1-850D-7E0127129085}.Debug|Any CPU.ActiveCfg = Debug|Any CPU
		{1F122C1E-BA99-43F1-850D-7E0127129085}.Debug|Any CPU.Build.0 = Debug|Any CPU
		{1F122C1E-BA99-43F1-850D-7E0127129085}.Debug|x64.ActiveCfg = Debug|Any CPU
		{1F122C1E-BA99-43F1-850D-7E0127129085}.Debug|x64.Build.0 = Debug|Any CPU
		{1F122C1E-BA99-43F1-850D-7E0127129085}.Debug|x86.ActiveCfg = Debug|Any CPU
		{1F122C1E-BA99-43F1-850D-7E0127129085}.Debug|x86.Build.0 = Debug|Any CPU
		{1F122C1E-BA99-43F1-850D-7E0127129085}.Release|Any CPU.ActiveCfg = Release|Any CPU
		{1F122C1E-BA99-43F1-850D-7E0127129085}.Release|Any CPU.Build.0 = Release|Any CPU
		{1F122C1E-BA99-43F1-850D-7E0127129085}.Release|x64.ActiveCfg = Release|Any CPU
		{1F122C1E-BA99-43F1-850D-7E0127129085}.Release|x64.Build.0 = Release|Any CPU
		{1F122C1E-BA99-43F1-850D-7E0127129085}.Release|x86.ActiveCfg = Release|Any CPU
		{1F122C1E-BA99-43F1-850D-7E0127129085}.Release|x86.Build.0 = Release|Any CPU
		{A70B5814-25E4-4D9B-BB77-B34A142BDB99}.Debug|Any CPU.ActiveCfg = Debug|Any CPU
		{A70B5814-25E4-4D9B-BB77-B34A142BDB99}.Debug|Any CPU.Build.0 = Debug|Any CPU
		{A70B5814-25E4-4D9B-BB77-B34A142BDB99}.Debug|x64.ActiveCfg = Debug|Any CPU
		{A70B5814-25E4-4D9B-BB77-B34A142BDB99}.Debug|x64.Build.0 = Debug|Any CPU
		{A70B5814-25E4-4D9B-BB77-B34A142BDB99}.Debug|x86.ActiveCfg = Debug|Any CPU
		{A70B5814-25E4-4D9B-BB77-B34A142BDB99}.Debug|x86.Build.0 = Debug|Any CPU
		{A70B5814-25E4-4D9B-BB77-B34A142BDB99}.Release|Any CPU.ActiveCfg = Release|Any CPU
		{A70B5814-25E4-4D9B-BB77-B34A142BDB99}.Release|Any CPU.Build.0 = Release|Any CPU
		{A70B5814-25E4-4D9B-BB77-B34A142BDB99}.Release|x64.ActiveCfg = Release|Any CPU
		{A70B5814-25E4-4D9B-BB77-B34A142BDB99}.Release|x64.Build.0 = Release|Any CPU
		{A70B5814-25E4-4D9B-BB77-B34A142BDB99}.Release|x86.ActiveCfg = Release|Any CPU
		{A70B5814-25E4-4D9B-BB77-B34A142BDB99}.Release|x86.Build.0 = Release|Any CPU
		{D3F9F152-F91E-4C01-A2B5-F4D5C7EA3F91}.Debug|Any CPU.ActiveCfg = Debug|Any CPU
		{D3F9F152-F91E-4C01-A2B5-F4D5C7EA3F91}.Debug|Any CPU.Build.0 = Debug|Any CPU
		{D3F9F152-F91E-4C01-A2B5-F4D5C7EA3F91}.Debug|x64.ActiveCfg = Debug|Any CPU
		{D3F9F152-F91E-4C01-A2B5-F4D5C7EA3F91}.Debug|x64.Build.0 = Debug|Any CPU
		{D3F9F152-F91E-4C01-A2B5-F4D5C7EA3F91}.Debug|x86.ActiveCfg = Debug|Any CPU
		{D3F9F152-F91E-4C01-A2B5-F4D5C7EA3F91}.Debug|x86.Build.0 = Debug|Any CPU
		{D3F9F152-F91E-4C01-A2B5-F4D5C7EA3F91}.Release|Any CPU.ActiveCfg = Release|Any CPU
		{D3F9F152-F91E-4C01-A2B5-F4D5C7EA3F91}.Release|Any CPU.Build.0 = Release|Any CPU
		{D3F9F152-F91E-4C01-A2B5-F4D5C7EA3F91}.Release|x64.ActiveCfg = Release|Any CPU
		{D3F9F152-F91E-4C01-A2B5-F4D5C7EA3F91}.Release|x64.Build.0 = Release|Any CPU
		{D3F9F152-F91E-4C01-A2B5-F4D5C7EA3F91}.Release|x86.ActiveCfg = Release|Any CPU
		{D3F9F152-F91E-4C01-A2B5-F4D5C7EA3F91}.Release|x86.Build.0 = Release|Any CPU
		{9472CF83-CD65-4CD3-818E-B73CB5F5FD18}.Debug|Any CPU.ActiveCfg = Debug|Any CPU
		{9472CF83-CD65-4CD3-818E-B73CB5F5FD18}.Debug|Any CPU.Build.0 = Debug|Any CPU
		{9472CF83-CD65-4CD3-818E-B73CB5F5FD18}.Debug|x64.ActiveCfg = Debug|Any CPU
		{9472CF83-CD65-4CD3-818E-B73CB5F5FD18}.Debug|x64.Build.0 = Debug|Any CPU
		{9472CF83-CD65-4CD3-818E-B73CB5F5FD18}.Debug|x86.ActiveCfg = Debug|Any CPU
		{9472CF83-CD65-4CD3-818E-B73CB5F5FD18}.Debug|x86.Build.0 = Debug|Any CPU
		{9472CF83-CD65-4CD3-818E-B73CB5F5FD18}.Release|Any CPU.ActiveCfg = Release|Any CPU
		{9472CF83-CD65-4CD3-818E-B73CB5F5FD18}.Release|Any CPU.Build.0 = Release|Any CPU
		{9472CF83-CD65-4CD3-818E-B73CB5F5FD18}.Release|x64.ActiveCfg = Release|Any CPU
		{9472CF83-CD65-4CD3-818E-B73CB5F5FD18}.Release|x64.Build.0 = Release|Any CPU
		{9472CF83-CD65-4CD3-818E-B73CB5F5FD18}.Release|x86.ActiveCfg = Release|Any CPU
		{9472CF83-CD65-4CD3-818E-B73CB5F5FD18}.Release|x86.Build.0 = Release|Any CPU
		{30F10465-5896-4D89-916C-A7E3CD27929E}.Debug|Any CPU.ActiveCfg = Debug|Any CPU
		{30F10465-5896-4D89-916C-A7E3CD27929E}.Debug|Any CPU.Build.0 = Debug|Any CPU
		{30F10465-5896-4D89-916C-A7E3CD27929E}.Debug|x64.ActiveCfg = Debug|Any CPU
		{30F10465-5896-4D89-916C-A7E3CD27929E}.Debug|x64.Build.0 = Debug|Any CPU
		{30F10465-5896-4D89-916C-A7E3CD27929E}.Debug|x86.ActiveCfg = Debug|Any CPU
		{30F10465-5896-4D89-916C-A7E3CD27929E}.Debug|x86.Build.0 = Debug|Any CPU
		{30F10465-5896-4D89-916C-A7E3CD27929E}.Release|Any CPU.ActiveCfg = Release|Any CPU
		{30F10465-5896-4D89-916C-A7E3CD27929E}.Release|Any CPU.Build.0 = Release|Any CPU
		{30F10465-5896-4D89-916C-A7E3CD27929E}.Release|x64.ActiveCfg = Release|Any CPU
		{30F10465-5896-4D89-916C-A7E3CD27929E}.Release|x64.Build.0 = Release|Any CPU
		{30F10465-5896-4D89-916C-A7E3CD27929E}.Release|x86.ActiveCfg = Release|Any CPU
		{30F10465-5896-4D89-916C-A7E3CD27929E}.Release|x86.Build.0 = Release|Any CPU
		{18549D38-419F-472F-B6A7-23AC0EC8F61E}.Debug|Any CPU.ActiveCfg = Debug|Any CPU
		{18549D38-419F-472F-B6A7-23AC0EC8F61E}.Debug|Any CPU.Build.0 = Debug|Any CPU
		{18549D38-419F-472F-B6A7-23AC0EC8F61E}.Debug|x64.ActiveCfg = Debug|Any CPU
		{18549D38-419F-472F-B6A7-23AC0EC8F61E}.Debug|x64.Build.0 = Debug|Any CPU
		{18549D38-419F-472F-B6A7-23AC0EC8F61E}.Debug|x86.ActiveCfg = Debug|Any CPU
		{18549D38-419F-472F-B6A7-23AC0EC8F61E}.Debug|x86.Build.0 = Debug|Any CPU
		{18549D38-419F-472F-B6A7-23AC0EC8F61E}.Release|Any CPU.ActiveCfg = Release|Any CPU
		{18549D38-419F-472F-B6A7-23AC0EC8F61E}.Release|Any CPU.Build.0 = Release|Any CPU
		{18549D38-419F-472F-B6A7-23AC0EC8F61E}.Release|x64.ActiveCfg = Release|Any CPU
		{18549D38-419F-472F-B6A7-23AC0EC8F61E}.Release|x64.Build.0 = Release|Any CPU
		{18549D38-419F-472F-B6A7-23AC0EC8F61E}.Release|x86.ActiveCfg = Release|Any CPU
		{18549D38-419F-472F-B6A7-23AC0EC8F61E}.Release|x86.Build.0 = Release|Any CPU
		{5D9FB42A-D01B-439D-B98A-5EB6E6D66122}.Debug|Any CPU.ActiveCfg = Debug|Any CPU
		{5D9FB42A-D01B-439D-B98A-5EB6E6D66122}.Debug|Any CPU.Build.0 = Debug|Any CPU
		{5D9FB42A-D01B-439D-B98A-5EB6E6D66122}.Debug|x64.ActiveCfg = Debug|Any CPU
		{5D9FB42A-D01B-439D-B98A-5EB6E6D66122}.Debug|x64.Build.0 = Debug|Any CPU
		{5D9FB42A-D01B-439D-B98A-5EB6E6D66122}.Debug|x86.ActiveCfg = Debug|Any CPU
		{5D9FB42A-D01B-439D-B98A-5EB6E6D66122}.Debug|x86.Build.0 = Debug|Any CPU
		{5D9FB42A-D01B-439D-B98A-5EB6E6D66122}.Release|Any CPU.ActiveCfg = Release|Any CPU
		{5D9FB42A-D01B-439D-B98A-5EB6E6D66122}.Release|Any CPU.Build.0 = Release|Any CPU
		{5D9FB42A-D01B-439D-B98A-5EB6E6D66122}.Release|x64.ActiveCfg = Release|Any CPU
		{5D9FB42A-D01B-439D-B98A-5EB6E6D66122}.Release|x64.Build.0 = Release|Any CPU
		{5D9FB42A-D01B-439D-B98A-5EB6E6D66122}.Release|x86.ActiveCfg = Release|Any CPU
		{5D9FB42A-D01B-439D-B98A-5EB6E6D66122}.Release|x86.Build.0 = Release|Any CPU
		{AF7CE17D-2881-4E72-A653-B9564E6CAFA4}.Debug|Any CPU.ActiveCfg = Debug|Any CPU
		{AF7CE17D-2881-4E72-A653-B9564E6CAFA4}.Debug|Any CPU.Build.0 = Debug|Any CPU
		{AF7CE17D-2881-4E72-A653-B9564E6CAFA4}.Debug|x64.ActiveCfg = Debug|Any CPU
		{AF7CE17D-2881-4E72-A653-B9564E6CAFA4}.Debug|x64.Build.0 = Debug|Any CPU
		{AF7CE17D-2881-4E72-A653-B9564E6CAFA4}.Debug|x86.ActiveCfg = Debug|Any CPU
		{AF7CE17D-2881-4E72-A653-B9564E6CAFA4}.Debug|x86.Build.0 = Debug|Any CPU
		{AF7CE17D-2881-4E72-A653-B9564E6CAFA4}.Release|Any CPU.ActiveCfg = Release|Any CPU
		{AF7CE17D-2881-4E72-A653-B9564E6CAFA4}.Release|Any CPU.Build.0 = Release|Any CPU
		{AF7CE17D-2881-4E72-A653-B9564E6CAFA4}.Release|x64.ActiveCfg = Release|Any CPU
		{AF7CE17D-2881-4E72-A653-B9564E6CAFA4}.Release|x64.Build.0 = Release|Any CPU
		{AF7CE17D-2881-4E72-A653-B9564E6CAFA4}.Release|x86.ActiveCfg = Release|Any CPU
		{AF7CE17D-2881-4E72-A653-B9564E6CAFA4}.Release|x86.Build.0 = Release|Any CPU
		{35984A61-E3CD-4C02-AC77-5EE9F64F86B9}.Debug|Any CPU.ActiveCfg = Debug|Any CPU
		{35984A61-E3CD-4C02-AC77-5EE9F64F86B9}.Debug|Any CPU.Build.0 = Debug|Any CPU
		{35984A61-E3CD-4C02-AC77-5EE9F64F86B9}.Debug|x64.ActiveCfg = Debug|Any CPU
		{35984A61-E3CD-4C02-AC77-5EE9F64F86B9}.Debug|x64.Build.0 = Debug|Any CPU
		{35984A61-E3CD-4C02-AC77-5EE9F64F86B9}.Debug|x86.ActiveCfg = Debug|Any CPU
		{35984A61-E3CD-4C02-AC77-5EE9F64F86B9}.Debug|x86.Build.0 = Debug|Any CPU
		{35984A61-E3CD-4C02-AC77-5EE9F64F86B9}.Release|Any CPU.ActiveCfg = Release|Any CPU
		{35984A61-E3CD-4C02-AC77-5EE9F64F86B9}.Release|Any CPU.Build.0 = Release|Any CPU
		{35984A61-E3CD-4C02-AC77-5EE9F64F86B9}.Release|x64.ActiveCfg = Release|Any CPU
		{35984A61-E3CD-4C02-AC77-5EE9F64F86B9}.Release|x64.Build.0 = Release|Any CPU
		{35984A61-E3CD-4C02-AC77-5EE9F64F86B9}.Release|x86.ActiveCfg = Release|Any CPU
		{35984A61-E3CD-4C02-AC77-5EE9F64F86B9}.Release|x86.Build.0 = Release|Any CPU
		{12814275-AEF0-4382-A10F-AADA30C4FBDF}.Debug|Any CPU.ActiveCfg = Debug|Any CPU
		{12814275-AEF0-4382-A10F-AADA30C4FBDF}.Debug|Any CPU.Build.0 = Debug|Any CPU
		{12814275-AEF0-4382-A10F-AADA30C4FBDF}.Debug|x64.ActiveCfg = Debug|Any CPU
		{12814275-AEF0-4382-A10F-AADA30C4FBDF}.Debug|x64.Build.0 = Debug|Any CPU
		{12814275-AEF0-4382-A10F-AADA30C4FBDF}.Debug|x86.ActiveCfg = Debug|Any CPU
		{12814275-AEF0-4382-A10F-AADA30C4FBDF}.Debug|x86.Build.0 = Debug|Any CPU
		{12814275-AEF0-4382-A10F-AADA30C4FBDF}.Release|Any CPU.ActiveCfg = Release|Any CPU
		{12814275-AEF0-4382-A10F-AADA30C4FBDF}.Release|Any CPU.Build.0 = Release|Any CPU
		{12814275-AEF0-4382-A10F-AADA30C4FBDF}.Release|x64.ActiveCfg = Release|Any CPU
		{12814275-AEF0-4382-A10F-AADA30C4FBDF}.Release|x64.Build.0 = Release|Any CPU
		{12814275-AEF0-4382-A10F-AADA30C4FBDF}.Release|x86.ActiveCfg = Release|Any CPU
		{12814275-AEF0-4382-A10F-AADA30C4FBDF}.Release|x86.Build.0 = Release|Any CPU
		{F594DD89-6EA3-45F3-B3AD-5E7A6772974D}.Debug|Any CPU.ActiveCfg = Debug|Any CPU
		{F594DD89-6EA3-45F3-B3AD-5E7A6772974D}.Debug|Any CPU.Build.0 = Debug|Any CPU
		{F594DD89-6EA3-45F3-B3AD-5E7A6772974D}.Debug|x64.ActiveCfg = Debug|Any CPU
		{F594DD89-6EA3-45F3-B3AD-5E7A6772974D}.Debug|x64.Build.0 = Debug|Any CPU
		{F594DD89-6EA3-45F3-B3AD-5E7A6772974D}.Debug|x86.ActiveCfg = Debug|Any CPU
		{F594DD89-6EA3-45F3-B3AD-5E7A6772974D}.Debug|x86.Build.0 = Debug|Any CPU
		{F594DD89-6EA3-45F3-B3AD-5E7A6772974D}.Release|Any CPU.ActiveCfg = Release|Any CPU
		{F594DD89-6EA3-45F3-B3AD-5E7A6772974D}.Release|Any CPU.Build.0 = Release|Any CPU
		{F594DD89-6EA3-45F3-B3AD-5E7A6772974D}.Release|x64.ActiveCfg = Release|Any CPU
		{F594DD89-6EA3-45F3-B3AD-5E7A6772974D}.Release|x64.Build.0 = Release|Any CPU
		{F594DD89-6EA3-45F3-B3AD-5E7A6772974D}.Release|x86.ActiveCfg = Release|Any CPU
		{F594DD89-6EA3-45F3-B3AD-5E7A6772974D}.Release|x86.Build.0 = Release|Any CPU
		{6019DAC7-362F-4200-94E8-EE0E1A10F36B}.Debug|Any CPU.ActiveCfg = Debug|Any CPU
		{6019DAC7-362F-4200-94E8-EE0E1A10F36B}.Debug|Any CPU.Build.0 = Debug|Any CPU
		{6019DAC7-362F-4200-94E8-EE0E1A10F36B}.Debug|x64.ActiveCfg = Debug|Any CPU
		{6019DAC7-362F-4200-94E8-EE0E1A10F36B}.Debug|x64.Build.0 = Debug|Any CPU
		{6019DAC7-362F-4200-94E8-EE0E1A10F36B}.Debug|x86.ActiveCfg = Debug|Any CPU
		{6019DAC7-362F-4200-94E8-EE0E1A10F36B}.Debug|x86.Build.0 = Debug|Any CPU
		{6019DAC7-362F-4200-94E8-EE0E1A10F36B}.Release|Any CPU.ActiveCfg = Release|Any CPU
		{6019DAC7-362F-4200-94E8-EE0E1A10F36B}.Release|Any CPU.Build.0 = Release|Any CPU
		{6019DAC7-362F-4200-94E8-EE0E1A10F36B}.Release|x64.ActiveCfg = Release|Any CPU
		{6019DAC7-362F-4200-94E8-EE0E1A10F36B}.Release|x64.Build.0 = Release|Any CPU
		{6019DAC7-362F-4200-94E8-EE0E1A10F36B}.Release|x86.ActiveCfg = Release|Any CPU
		{6019DAC7-362F-4200-94E8-EE0E1A10F36B}.Release|x86.Build.0 = Release|Any CPU
		{3D802395-28B8-4D06-9634-BFE0E35A768B}.Debug|Any CPU.ActiveCfg = Debug|Any CPU
		{3D802395-28B8-4D06-9634-BFE0E35A768B}.Debug|Any CPU.Build.0 = Debug|Any CPU
		{3D802395-28B8-4D06-9634-BFE0E35A768B}.Debug|x64.ActiveCfg = Debug|Any CPU
		{3D802395-28B8-4D06-9634-BFE0E35A768B}.Debug|x64.Build.0 = Debug|Any CPU
		{3D802395-28B8-4D06-9634-BFE0E35A768B}.Debug|x86.ActiveCfg = Debug|Any CPU
		{3D802395-28B8-4D06-9634-BFE0E35A768B}.Debug|x86.Build.0 = Debug|Any CPU
		{3D802395-28B8-4D06-9634-BFE0E35A768B}.Release|Any CPU.ActiveCfg = Release|Any CPU
		{3D802395-28B8-4D06-9634-BFE0E35A768B}.Release|Any CPU.Build.0 = Release|Any CPU
		{3D802395-28B8-4D06-9634-BFE0E35A768B}.Release|x64.ActiveCfg = Release|Any CPU
		{3D802395-28B8-4D06-9634-BFE0E35A768B}.Release|x64.Build.0 = Release|Any CPU
		{3D802395-28B8-4D06-9634-BFE0E35A768B}.Release|x86.ActiveCfg = Release|Any CPU
		{3D802395-28B8-4D06-9634-BFE0E35A768B}.Release|x86.Build.0 = Release|Any CPU
		{2F51C3AC-0C8F-4F37-955E-0ED25DB04105}.Debug|Any CPU.ActiveCfg = Debug|Any CPU
		{2F51C3AC-0C8F-4F37-955E-0ED25DB04105}.Debug|Any CPU.Build.0 = Debug|Any CPU
		{2F51C3AC-0C8F-4F37-955E-0ED25DB04105}.Debug|x64.ActiveCfg = Debug|Any CPU
		{2F51C3AC-0C8F-4F37-955E-0ED25DB04105}.Debug|x64.Build.0 = Debug|Any CPU
		{2F51C3AC-0C8F-4F37-955E-0ED25DB04105}.Debug|x86.ActiveCfg = Debug|Any CPU
		{2F51C3AC-0C8F-4F37-955E-0ED25DB04105}.Debug|x86.Build.0 = Debug|Any CPU
		{2F51C3AC-0C8F-4F37-955E-0ED25DB04105}.Release|Any CPU.ActiveCfg = Release|Any CPU
		{2F51C3AC-0C8F-4F37-955E-0ED25DB04105}.Release|Any CPU.Build.0 = Release|Any CPU
		{2F51C3AC-0C8F-4F37-955E-0ED25DB04105}.Release|x64.ActiveCfg = Release|Any CPU
		{2F51C3AC-0C8F-4F37-955E-0ED25DB04105}.Release|x64.Build.0 = Release|Any CPU
		{2F51C3AC-0C8F-4F37-955E-0ED25DB04105}.Release|x86.ActiveCfg = Release|Any CPU
		{2F51C3AC-0C8F-4F37-955E-0ED25DB04105}.Release|x86.Build.0 = Release|Any CPU
		{A2EB7EF7-2676-49CA-A43B-EBF62483DE06}.Debug|Any CPU.ActiveCfg = Debug|Any CPU
		{A2EB7EF7-2676-49CA-A43B-EBF62483DE06}.Debug|Any CPU.Build.0 = Debug|Any CPU
		{A2EB7EF7-2676-49CA-A43B-EBF62483DE06}.Debug|x64.ActiveCfg = Debug|Any CPU
		{A2EB7EF7-2676-49CA-A43B-EBF62483DE06}.Debug|x64.Build.0 = Debug|Any CPU
		{A2EB7EF7-2676-49CA-A43B-EBF62483DE06}.Debug|x86.ActiveCfg = Debug|Any CPU
		{A2EB7EF7-2676-49CA-A43B-EBF62483DE06}.Debug|x86.Build.0 = Debug|Any CPU
		{A2EB7EF7-2676-49CA-A43B-EBF62483DE06}.Release|Any CPU.ActiveCfg = Release|Any CPU
		{A2EB7EF7-2676-49CA-A43B-EBF62483DE06}.Release|Any CPU.Build.0 = Release|Any CPU
		{A2EB7EF7-2676-49CA-A43B-EBF62483DE06}.Release|x64.ActiveCfg = Release|Any CPU
		{A2EB7EF7-2676-49CA-A43B-EBF62483DE06}.Release|x64.Build.0 = Release|Any CPU
		{A2EB7EF7-2676-49CA-A43B-EBF62483DE06}.Release|x86.ActiveCfg = Release|Any CPU
		{A2EB7EF7-2676-49CA-A43B-EBF62483DE06}.Release|x86.Build.0 = Release|Any CPU
		{8D41ED64-F046-4259-8942-62C2B4F4E210}.Debug|Any CPU.ActiveCfg = Debug|Any CPU
		{8D41ED64-F046-4259-8942-62C2B4F4E210}.Debug|Any CPU.Build.0 = Debug|Any CPU
		{8D41ED64-F046-4259-8942-62C2B4F4E210}.Debug|x64.ActiveCfg = Debug|Any CPU
		{8D41ED64-F046-4259-8942-62C2B4F4E210}.Debug|x64.Build.0 = Debug|Any CPU
		{8D41ED64-F046-4259-8942-62C2B4F4E210}.Debug|x86.ActiveCfg = Debug|Any CPU
		{8D41ED64-F046-4259-8942-62C2B4F4E210}.Debug|x86.Build.0 = Debug|Any CPU
		{8D41ED64-F046-4259-8942-62C2B4F4E210}.Release|Any CPU.ActiveCfg = Release|Any CPU
		{8D41ED64-F046-4259-8942-62C2B4F4E210}.Release|Any CPU.Build.0 = Release|Any CPU
		{8D41ED64-F046-4259-8942-62C2B4F4E210}.Release|x64.ActiveCfg = Release|Any CPU
		{8D41ED64-F046-4259-8942-62C2B4F4E210}.Release|x64.Build.0 = Release|Any CPU
		{8D41ED64-F046-4259-8942-62C2B4F4E210}.Release|x86.ActiveCfg = Release|Any CPU
		{8D41ED64-F046-4259-8942-62C2B4F4E210}.Release|x86.Build.0 = Release|Any CPU
	EndGlobalSection
	GlobalSection(SolutionProperties) = preSolution
		HideSolutionNode = FALSE
	EndGlobalSection
	GlobalSection(NestedProjects) = preSolution
		{E97AB419-E80C-4540-8806-AC523E4E1C4B} = {5B8B6892-2BA5-4C6D-8A65-7B83872B9D1E}
		{C4E8E684-1C52-4F3B-A4C9-2B1965E6D810} = {5B8B6892-2BA5-4C6D-8A65-7B83872B9D1E}
	EndGlobalSection
	GlobalSection(ExtensibilityGlobals) = postSolution
		SolutionGuid = {70AC9ABF-FD0C-4404-9978-24B1239DE14B}
	EndGlobalSection
EndGlobal
